
Microsoft Visual Studio Solution File, Format Version 12.00
# Visual Studio 15
VisualStudioVersion = 15.0.26730.16
MinimumVisualStudioVersion = 10.0.40219.1
Project("{FAE04EC0-301F-11D3-BF4B-00C04F79EFBC}") = "SecretSanta", "SecretSanta\SecretSanta.csproj", "{EBC530F3-535E-4C90-91C9-B661685DD380}"
EndProject
Project("{FAE04EC0-301F-11D3-BF4B-00C04F79EFBC}") = "SecretSantaTests", "SecretSantaTests\SecretSantaTests.csproj", "{B8EFB567-375B-45E7-9976-A04221AADB13}"
EndProject
Global
	GlobalSection(SolutionConfigurationPlatforms) = preSolution
		Debug|Any CPU = Debug|Any CPU
		Release|Any CPU = Release|Any CPU
	EndGlobalSection
	GlobalSection(ProjectConfigurationPlatforms) = postSolution
		{EBC530F3-535E-4C90-91C9-B661685DD380}.Debug|Any CPU.ActiveCfg = Debug|Any CPU
		{EBC530F3-535E-4C90-91C9-B661685DD380}.Debug|Any CPU.Build.0 = Debug|Any CPU
		{EBC530F3-535E-4C90-91C9-B661685DD380}.Release|Any CPU.ActiveCfg = Release|Any CPU
		{EBC530F3-535E-4C90-91C9-B661685DD380}.Release|Any CPU.Build.0 = Release|Any CPU
		{B8EFB567-375B-45E7-9976-A04221AADB13}.Debug|Any CPU.ActiveCfg = Debug|Any CPU
		{B8EFB567-375B-45E7-9976-A04221AADB13}.Debug|Any CPU.Build.0 = Debug|Any CPU
		{B8EFB567-375B-45E7-9976-A04221AADB13}.Release|Any CPU.ActiveCfg = Release|Any CPU
		{B8EFB567-375B-45E7-9976-A04221AADB13}.Release|Any CPU.Build.0 = Release|Any CPU
	EndGlobalSection
	GlobalSection(SolutionProperties) = preSolution
		HideSolutionNode = FALSE
	EndGlobalSection
	GlobalSection(ExtensibilityGlobals) = postSolution
		SolutionGuid = {24991E6C-F799-4144-9258-1FAF395D77FA}
	EndGlobalSection
EndGlobal
